
Microsoft Visual Studio Solution File, Format Version 12.00
# Visual Studio Version 16
VisualStudioVersion = 16.0.30114.105
MinimumVisualStudioVersion = 10.0.40219.1
Project("{FAE04EC0-301F-11D3-BF4B-00C04F79EFBC}") = "R5T.T0093", "R5T.T0093\R5T.T0093.csproj", "{E027B45C-CCBC-4744-BAB6-57CCDEB910DA}"
EndProject
Project("{FAE04EC0-301F-11D3-BF4B-00C04F79EFBC}") = "R5T.T0093.Construction", "R5T.T0093.Construction\R5T.T0093.Construction.csproj", "{F7038537-A7AA-40A3-BA07-CF39567D9AEC}"
EndProject
Project("{FAE04EC0-301F-11D3-BF4B-00C04F79EFBC}") = "R5T.T0093.X001", "R5T.T0093.X001\R5T.T0093.X001.csproj", "{A2FCC915-27BB-43D9-AC47-5366A9BAC779}"
EndProject
Global
	GlobalSection(SolutionConfigurationPlatforms) = preSolution
		Debug|Any CPU = Debug|Any CPU
		Debug|x64 = Debug|x64
		Debug|x86 = Debug|x86
		Release|Any CPU = Release|Any CPU
		Release|x64 = Release|x64
		Release|x86 = Release|x86
	EndGlobalSection
	GlobalSection(SolutionProperties) = preSolution
		HideSolutionNode = FALSE
	EndGlobalSection
	GlobalSection(ProjectConfigurationPlatforms) = postSolution
		{E027B45C-CCBC-4744-BAB6-57CCDEB910DA}.Debug|Any CPU.ActiveCfg = Debug|Any CPU
		{E027B45C-CCBC-4744-BAB6-57CCDEB910DA}.Debug|Any CPU.Build.0 = Debug|Any CPU
		{E027B45C-CCBC-4744-BAB6-57CCDEB910DA}.Debug|x64.ActiveCfg = Debug|Any CPU
		{E027B45C-CCBC-4744-BAB6-57CCDEB910DA}.Debug|x64.Build.0 = Debug|Any CPU
		{E027B45C-CCBC-4744-BAB6-57CCDEB910DA}.Debug|x86.ActiveCfg = Debug|Any CPU
		{E027B45C-CCBC-4744-BAB6-57CCDEB910DA}.Debug|x86.Build.0 = Debug|Any CPU
		{E027B45C-CCBC-4744-BAB6-57CCDEB910DA}.Release|Any CPU.ActiveCfg = Release|Any CPU
		{E027B45C-CCBC-4744-BAB6-57CCDEB910DA}.Release|Any CPU.Build.0 = Release|Any CPU
		{E027B45C-CCBC-4744-BAB6-57CCDEB910DA}.Release|x64.ActiveCfg = Release|Any CPU
		{E027B45C-CCBC-4744-BAB6-57CCDEB910DA}.Release|x64.Build.0 = Release|Any CPU
		{E027B45C-CCBC-4744-BAB6-57CCDEB910DA}.Release|x86.ActiveCfg = Release|Any CPU
		{E027B45C-CCBC-4744-BAB6-57CCDEB910DA}.Release|x86.Build.0 = Release|Any CPU
		{F7038537-A7AA-40A3-BA07-CF39567D9AEC}.Debug|Any CPU.ActiveCfg = Debug|Any CPU
		{F7038537-A7AA-40A3-BA07-CF39567D9AEC}.Debug|Any CPU.Build.0 = Debug|Any CPU
		{F7038537-A7AA-40A3-BA07-CF39567D9AEC}.Debug|x64.ActiveCfg = Debug|Any CPU
		{F7038537-A7AA-40A3-BA07-CF39567D9AEC}.Debug|x64.Build.0 = Debug|Any CPU
		{F7038537-A7AA-40A3-BA07-CF39567D9AEC}.Debug|x86.ActiveCfg = Debug|Any CPU
		{F7038537-A7AA-40A3-BA07-CF39567D9AEC}.Debug|x86.Build.0 = Debug|Any CPU
		{F7038537-A7AA-40A3-BA07-CF39567D9AEC}.Release|Any CPU.ActiveCfg = Release|Any CPU
		{F7038537-A7AA-40A3-BA07-CF39567D9AEC}.Release|Any CPU.Build.0 = Release|Any CPU
		{F7038537-A7AA-40A3-BA07-CF39567D9AEC}.Release|x64.ActiveCfg = Release|Any CPU
		{F7038537-A7AA-40A3-BA07-CF39567D9AEC}.Release|x64.Build.0 = Release|Any CPU
		{F7038537-A7AA-40A3-BA07-CF39567D9AEC}.Release|x86.ActiveCfg = Release|Any CPU
		{F7038537-A7AA-40A3-BA07-CF39567D9AEC}.Release|x86.Build.0 = Release|Any CPU
		{A2FCC915-27BB-43D9-AC47-5366A9BAC779}.Debug|Any CPU.ActiveCfg = Debug|Any CPU
		{A2FCC915-27BB-43D9-AC47-5366A9BAC779}.Debug|Any CPU.Build.0 = Debug|Any CPU
		{A2FCC915-27BB-43D9-AC47-5366A9BAC779}.Debug|x64.ActiveCfg = Debug|Any CPU
		{A2FCC915-27BB-43D9-AC47-5366A9BAC779}.Debug|x64.Build.0 = Debug|Any CPU
		{A2FCC915-27BB-43D9-AC47-5366A9BAC779}.Debug|x86.ActiveCfg = Debug|Any CPU
		{A2FCC915-27BB-43D9-AC47-5366A9BAC779}.Debug|x86.Build.0 = Debug|Any CPU
		{A2FCC915-27BB-43D9-AC47-5366A9BAC779}.Release|Any CPU.ActiveCfg = Release|Any CPU
		{A2FCC915-27BB-43D9-AC47-5366A9BAC779}.Release|Any CPU.Build.0 = Release|Any CPU
		{A2FCC915-27BB-43D9-AC47-5366A9BAC779}.Release|x64.ActiveCfg = Release|Any CPU
		{A2FCC915-27BB-43D9-AC47-5366A9BAC779}.Release|x64.Build.0 = Release|Any CPU
		{A2FCC915-27BB-43D9-AC47-5366A9BAC779}.Release|x86.ActiveCfg = Release|Any CPU
		{A2FCC915-27BB-43D9-AC47-5366A9BAC779}.Release|x86.Build.0 = Release|Any CPU
	EndGlobalSection
EndGlobal
